
Microsoft Visual Studio Solution File, Format Version 12.00
# Visual Studio Version 17
VisualStudioVersion = 17.4.33213.308
MinimumVisualStudioVersion = 10.0.40219.1
Project("{FAE04EC0-301F-11D3-BF4B-00C04F79EFBC}") = "ClassLibrary1", "ClassLibrary1.csproj", "{450B95CB-8CEC-41A8-A571-4F130925DF77}"
EndProject
Global
	GlobalSection(SolutionConfigurationPlatforms) = preSolution
		Debug|Any CPU = Debug|Any CPU
		Release|Any CPU = Release|Any CPU
	EndGlobalSection
	GlobalSection(ProjectConfigurationPlatforms) = postSolution
		{450B95CB-8CEC-41A8-A571-4F130925DF77}.Debug|Any CPU.ActiveCfg = Debug|Any CPU
		{450B95CB-8CEC-41A8-A571-4F130925DF77}.Debug|Any CPU.Build.0 = Debug|Any CPU
		{450B95CB-8CEC-41A8-A571-4F130925DF77}.Release|Any CPU.ActiveCfg = Release|Any CPU
		{450B95CB-8CEC-41A8-A571-4F130925DF77}.Release|Any CPU.Build.0 = Release|Any CPU
	EndGlobalSection
	GlobalSection(SolutionProperties) = preSolution
		HideSolutionNode = FALSE
	EndGlobalSection
	GlobalSection(ExtensibilityGlobals) = postSolution
		SolutionGuid = {3FBF7434-382B-4226-8424-CB7024343445}
	EndGlobalSection
EndGlobal
